// !$*UTF8*$!
{
	archiveVersion = 1;
	classes = {
	};
	objectVersion = 56;
	objects = {

/* Begin PBXBuildFile section */
		1D6B87FD3F6CF6BF3C82F0DA /* DINEvaluation.swift in Sources */ = {isa = PBXBuildFile; fileRef = E189FB36B03E227642869FB6 /* DINEvaluation.swift */; };
		2C6E06781844639C104E8907 /* Localizable.strings in Resources */ = {isa = PBXBuildFile; fileRef = CF3E0E84C35284144BB3226E /* Localizable.strings */; };
		52A23908CB3563EACF2067FB /* Foundation.framework in Frameworks */ = {isa = PBXBuildFile; fileRef = C844B7827888F3E31637EECC /* Foundation.framework */; };
		635F5DA43922D1A59793D4D2 /* MaterialManagerXLSXTests.swift in Sources */ = {isa = PBXBuildFile; fileRef = B91BC90510829E31A2952D24 /* MaterialManagerXLSXTests.swift */; };
		99141265D7F4E5A63067A5FF /* AcoustiScanUITests.swift in Sources */ = {isa = PBXBuildFile; fileRef = AF1FAF9E201B55B21A60C9CF /* AcoustiScanUITests.swift */; };
		AA0000000000000000000001 /* AcoustiScanApp.swift in Sources */ = {isa = PBXBuildFile; fileRef = BB0000000000000000000001 /* AcoustiScanApp.swift */; };
		AA0000000000000000000002 /* ContentView.swift in Sources */ = {isa = PBXBuildFile; fileRef = BB0000000000000000000002 /* ContentView.swift */; };
		AA0000000000000000000003 /* RT60View.swift in Sources */ = {isa = PBXBuildFile; fileRef = BB0000000000000000000003 /* RT60View.swift */; };
		AA0000000000000000000004 /* RT60ChartView.swift in Sources */ = {isa = PBXBuildFile; fileRef = BB0000000000000000000004 /* RT60ChartView.swift */; };
		AA0000000000000000000005 /* RT60ClassificationView.swift in Sources */ = {isa = PBXBuildFile; fileRef = BB0000000000000000000005 /* RT60ClassificationView.swift */; };
		AA0000000000000000000006 /* ExportView.swift in Sources */ = {isa = PBXBuildFile; fileRef = BB0000000000000000000006 /* ExportView.swift */; };
		AA0000000000000000000007 /* ShareSheet.swift in Sources */ = {isa = PBXBuildFile; fileRef = BB0000000000000000000007 /* ShareSheet.swift */; };
		AA0000000000000000000008 /* LiDARScanView.swift in Sources */ = {isa = PBXBuildFile; fileRef = BB0000000000000000000008 /* LiDARScanView.swift */; };
		AA0000000000000000000009 /* ARCoordinator.swift in Sources */ = {isa = PBXBuildFile; fileRef = BB0000000000000000000009 /* ARCoordinator.swift */; };
		AA0000000000000000000010 /* SurfaceDetection.swift in Sources */ = {isa = PBXBuildFile; fileRef = BB0000000000000000000010 /* SurfaceDetection.swift */; };
		AA0000000000000000000011 /* RoomDimensionView.swift in Sources */ = {isa = PBXBuildFile; fileRef = BB0000000000000000000011 /* RoomDimensionView.swift */; };
		AA0000000000000000000012 /* RoomScanView.swift in Sources */ = {isa = PBXBuildFile; fileRef = BB0000000000000000000012 /* RoomScanView.swift */; };
		AA0000000000000000000013 /* MaterialEditorView.swift in Sources */ = {isa = PBXBuildFile; fileRef = BB0000000000000000000013 /* MaterialEditorView.swift */; };
		AA0000000000000000000014 /* RT60MeasurementView.swift in Sources */ = {isa = PBXBuildFile; fileRef = BB0000000000000000000014 /* RT60MeasurementView.swift */; };
		AS0000000000000000000001 /* Assets.xcassets in Resources */ = {isa = PBXBuildFile; fileRef = AR0000000000000000000001 /* Assets.xcassets */; };
		C5B9B53320E1010BD7ABEF87 /* RT60DINView.swift in Sources */ = {isa = PBXBuildFile; fileRef = E24EF1F80CC20877CD865DA9 /* RT60DINView.swift */; };
		C82BEF775D2EA984F1FA66B9 /* ErrorLoggerTests.swift in Sources */ = {isa = PBXBuildFile; fileRef = 2D9975929754D1C31D0C4C1E /* ErrorLoggerTests.swift */; };
		D21919BBB536BA04816CA471 /* LocalizationTests.swift in Sources */ = {isa = PBXBuildFile; fileRef = 7C82C61DC5149711E0C326CC /* LocalizationTests.swift */; };
		KF0000000000000000000001 /* ARKit.framework in Frameworks */ = {isa = PBXBuildFile; fileRef = KR0000000000000000000001 /* ARKit.framework */; };
		KF0000000000000000000002 /* RealityKit.framework in Frameworks */ = {isa = PBXBuildFile; fileRef = KR0000000000000000000002 /* RealityKit.framework */; };
		KF0000000000000000000003 /* Charts.framework in Frameworks */ = {isa = PBXBuildFile; fileRef = KR0000000000000000000003 /* Charts.framework */; };
		MM0000000000000000000001 /* AbsorptionData.swift in Sources */ = {isa = PBXBuildFile; fileRef = MR0000000000000000000001 /* AbsorptionData.swift */; };
		MM0000000000000000000002 /* AcousticMaterial.swift in Sources */ = {isa = PBXBuildFile; fileRef = MR0000000000000000000002 /* AcousticMaterial.swift */; };
		MM0000000000000000000003 /* AuditTrail.swift in Sources */ = {isa = PBXBuildFile; fileRef = MR0000000000000000000003 /* AuditTrail.swift */; };
		MM0000000000000000000005 /* ErrorLogger.swift in Sources */ = {isa = PBXBuildFile; fileRef = MR0000000000000000000005 /* ErrorLogger.swift */; };
		MM0000000000000000000006 /* MaterialManager.swift in Sources */ = {isa = PBXBuildFile; fileRef = MR0000000000000000000006 /* MaterialManager.swift */; };
		MM0000000000000000000012 /* SurfaceStore.swift in Sources */ = {isa = PBXBuildFile; fileRef = MR0000000000000000000012 /* SurfaceStore.swift */; };
		MM0000000000000000000013 /* XLSXExporter.swift in Sources */ = {isa = PBXBuildFile; fileRef = MR0000000000000000000013 /* XLSXExporter.swift */; };
		MM0000000000000000000014 /* XLSXImporter.swift in Sources */ = {isa = PBXBuildFile; fileRef = MR0000000000000000000014 /* XLSXImporter.swift */; };
		MM0000000000000000000015 /* LocalizationKeys.swift in Sources */ = {isa = PBXBuildFile; fileRef = MR0000000000000000000015 /* LocalizationKeys.swift */; };
		PF0000000000000000000001 /* AcoustiScanConsolidated in Frameworks */ = {isa = PBXBuildFile; productRef = PK0000000000000000000002 /* AcoustiScanConsolidated */; };
/* End PBXBuildFile section */

/* Begin PBXContainerItemProxy section */
		84C54DD307B378063694E417 /* PBXContainerItemProxy */ = {
			isa = PBXContainerItemProxy;
			containerPortal = II0000000000000000000001 /* Project object */;
			proxyType = 1;
			remoteGlobalIDString = GG0000000000000000000001;
			remoteInfo = AcoustiScanApp;
		};
/* End PBXContainerItemProxy section */

/* Begin PBXFileReference section */
		2D9975929754D1C31D0C4C1E /* ErrorLoggerTests.swift */ = {isa = PBXFileReference; includeInIndex = 1; lastKnownFileType = sourcecode.swift; path = ErrorLoggerTests.swift; sourceTree = "<group>"; };
		70FB041E4788DB4C92281EA2 /* en */ = {isa = PBXFileReference; includeInIndex = 1; lastKnownFileType = text.plist.strings; name = en; path = en.lproj/Localizable.strings; sourceTree = "<group>"; };
		7C82C61DC5149711E0C326CC /* LocalizationTests.swift */ = {isa = PBXFileReference; includeInIndex = 1; lastKnownFileType = sourcecode.swift; path = LocalizationTests.swift; sourceTree = "<group>"; };
		A6F49369DA611D08BF86A4C6 /* AcoustiScanAppTests.xctest */ = {isa = PBXFileReference; explicitFileType = wrapper.cfbundle; includeInIndex = 0; path = AcoustiScanAppTests.xctest; sourceTree = BUILT_PRODUCTS_DIR; };
		AF1FAF9E201B55B21A60C9CF /* AcoustiScanUITests.swift */ = {isa = PBXFileReference; includeInIndex = 1; lastKnownFileType = sourcecode.swift; path = AcoustiScanUITests.swift; sourceTree = "<group>"; };
		AR0000000000000000000001 /* Assets.xcassets */ = {isa = PBXFileReference; lastKnownFileType = folder.assetcatalog; path = ../Assets.xcassets; sourceTree = "<group>"; };
		B3B7D00AC39B408C352A744E /* de */ = {isa = PBXFileReference; includeInIndex = 1; lastKnownFileType = text.plist.strings; name = de; path = de.lproj/Localizable.strings; sourceTree = "<group>"; };
		B91BC90510829E31A2952D24 /* MaterialManagerXLSXTests.swift */ = {isa = PBXFileReference; includeInIndex = 1; lastKnownFileType = sourcecode.swift; path = MaterialManagerXLSXTests.swift; sourceTree = "<group>"; };
		BB0000000000000000000001 /* AcoustiScanApp.swift */ = {isa = PBXFileReference; lastKnownFileType = sourcecode.swift; path = AcoustiScanApp.swift; sourceTree = "<group>"; };
		BB0000000000000000000002 /* ContentView.swift */ = {isa = PBXFileReference; lastKnownFileType = sourcecode.swift; path = ContentView.swift; sourceTree = "<group>"; };
		BB0000000000000000000003 /* RT60View.swift */ = {isa = PBXFileReference; lastKnownFileType = sourcecode.swift; path = RT60View.swift; sourceTree = "<group>"; };
		BB0000000000000000000004 /* RT60ChartView.swift */ = {isa = PBXFileReference; lastKnownFileType = sourcecode.swift; path = RT60ChartView.swift; sourceTree = "<group>"; };
		BB0000000000000000000005 /* RT60ClassificationView.swift */ = {isa = PBXFileReference; lastKnownFileType = sourcecode.swift; path = RT60ClassificationView.swift; sourceTree = "<group>"; };
		BB0000000000000000000006 /* ExportView.swift */ = {isa = PBXFileReference; lastKnownFileType = sourcecode.swift; path = ExportView.swift; sourceTree = "<group>"; };
		BB0000000000000000000007 /* ShareSheet.swift */ = {isa = PBXFileReference; lastKnownFileType = sourcecode.swift; path = ShareSheet.swift; sourceTree = "<group>"; };
		BB0000000000000000000008 /* LiDARScanView.swift */ = {isa = PBXFileReference; lastKnownFileType = sourcecode.swift; path = LiDARScanView.swift; sourceTree = "<group>"; };
		BB0000000000000000000009 /* ARCoordinator.swift */ = {isa = PBXFileReference; lastKnownFileType = sourcecode.swift; path = ARCoordinator.swift; sourceTree = "<group>"; };
		BB0000000000000000000010 /* SurfaceDetection.swift */ = {isa = PBXFileReference; lastKnownFileType = sourcecode.swift; path = SurfaceDetection.swift; sourceTree = "<group>"; };
		BB0000000000000000000011 /* RoomDimensionView.swift */ = {isa = PBXFileReference; lastKnownFileType = sourcecode.swift; path = RoomDimensionView.swift; sourceTree = "<group>"; };
		BB0000000000000000000012 /* RoomScanView.swift */ = {isa = PBXFileReference; lastKnownFileType = sourcecode.swift; path = RoomScanView.swift; sourceTree = "<group>"; };
		BB0000000000000000000013 /* MaterialEditorView.swift */ = {isa = PBXFileReference; lastKnownFileType = sourcecode.swift; path = MaterialEditorView.swift; sourceTree = "<group>"; };
		BB0000000000000000000014 /* RT60MeasurementView.swift */ = {isa = PBXFileReference; lastKnownFileType = sourcecode.swift; path = RT60MeasurementView.swift; sourceTree = "<group>"; };
		C844B7827888F3E31637EECC /* Foundation.framework */ = {isa = PBXFileReference; lastKnownFileType = wrapper.framework; name = Foundation.framework; path = Platforms/iPhoneOS.platform/Developer/SDKs/iPhoneOS18.0.sdk/System/Library/Frameworks/Foundation.framework; sourceTree = DEVELOPER_DIR; };
		CC0000000000000000000001 /* AcoustiScanApp.app */ = {isa = PBXFileReference; explicitFileType = wrapper.application; includeInIndex = 0; path = AcoustiScanApp.app; sourceTree = BUILT_PRODUCTS_DIR; };
		DD0000000000000000000001 /* Info.plist */ = {isa = PBXFileReference; lastKnownFileType = text.plist.xml; path = Info.plist; sourceTree = "<group>"; };
		DD0000000000000000000002 /* AcoustiScan.entitlements */ = {isa = PBXFileReference; lastKnownFileType = text.plist.entitlements; path = AcoustiScan.entitlements; sourceTree = "<group>"; };
		E189FB36B03E227642869FB6 /* DINEvaluation.swift */ = {isa = PBXFileReference; includeInIndex = 1; lastKnownFileType = sourcecode.swift; path = DINEvaluation.swift; sourceTree = "<group>"; };
		E24EF1F80CC20877CD865DA9 /* RT60DINView.swift */ = {isa = PBXFileReference; includeInIndex = 1; lastKnownFileType = sourcecode.swift; path = RT60DINView.swift; sourceTree = "<group>"; };
		KR0000000000000000000001 /* ARKit.framework */ = {isa = PBXFileReference; lastKnownFileType = wrapper.framework; name = ARKit.framework; path = System/Library/Frameworks/ARKit.framework; sourceTree = SDKROOT; };
		KR0000000000000000000002 /* RealityKit.framework */ = {isa = PBXFileReference; lastKnownFileType = wrapper.framework; name = RealityKit.framework; path = System/Library/Frameworks/RealityKit.framework; sourceTree = SDKROOT; };
		KR0000000000000000000003 /* Charts.framework */ = {isa = PBXFileReference; lastKnownFileType = wrapper.framework; name = Charts.framework; path = System/Library/Frameworks/Charts.framework; sourceTree = SDKROOT; };
		MR0000000000000000000001 /* AbsorptionData.swift */ = {isa = PBXFileReference; lastKnownFileType = sourcecode.swift; path = AbsorptionData.swift; sourceTree = "<group>"; };
		MR0000000000000000000002 /* AcousticMaterial.swift */ = {isa = PBXFileReference; lastKnownFileType = sourcecode.swift; path = AcousticMaterial.swift; sourceTree = "<group>"; };
		MR0000000000000000000003 /* AuditTrail.swift */ = {isa = PBXFileReference; lastKnownFileType = sourcecode.swift; path = AuditTrail.swift; sourceTree = "<group>"; };
		MR0000000000000000000005 /* ErrorLogger.swift */ = {isa = PBXFileReference; lastKnownFileType = sourcecode.swift; path = ErrorLogger.swift; sourceTree = "<group>"; };
		MR0000000000000000000006 /* MaterialManager.swift */ = {isa = PBXFileReference; lastKnownFileType = sourcecode.swift; path = MaterialManager.swift; sourceTree = "<group>"; };
		MR0000000000000000000012 /* SurfaceStore.swift */ = {isa = PBXFileReference; lastKnownFileType = sourcecode.swift; path = SurfaceStore.swift; sourceTree = "<group>"; };
		MR0000000000000000000013 /* XLSXExporter.swift */ = {isa = PBXFileReference; lastKnownFileType = sourcecode.swift; path = XLSXExporter.swift; sourceTree = "<group>"; };
		MR0000000000000000000014 /* XLSXImporter.swift */ = {isa = PBXFileReference; lastKnownFileType = sourcecode.swift; path = XLSXImporter.swift; sourceTree = "<group>"; };
		MR0000000000000000000015 /* LocalizationKeys.swift */ = {isa = PBXFileReference; lastKnownFileType = sourcecode.swift; path = LocalizationKeys.swift; sourceTree = "<group>"; };
/* End PBXFileReference section */

/* Begin PBXFrameworksBuildPhase section */
		80A6FD912D3A49C739D33CC9 /* Frameworks */ = {
			isa = PBXFrameworksBuildPhase;
			buildActionMask = 2147483647;
			files = (
				52A23908CB3563EACF2067FB /* Foundation.framework in Frameworks */,
			);
			runOnlyForDeploymentPostprocessing = 0;
		};
		EE0000000000000000000001 /* Frameworks */ = {
			isa = PBXFrameworksBuildPhase;
			buildActionMask = 2147483647;
			files = (
				PF0000000000000000000001 /* AcoustiScanConsolidated in Frameworks */,
				KF0000000000000000000001 /* ARKit.framework in Frameworks */,
				KF0000000000000000000002 /* RealityKit.framework in Frameworks */,
				KF0000000000000000000003 /* Charts.framework in Frameworks */,
			);
			runOnlyForDeploymentPostprocessing = 0;
		};
/* End PBXFrameworksBuildPhase section */

/* Begin PBXGroup section */
		4A10AD6A1BF202F00F242042 /* AcoustiScanAppTests */ = {
			isa = PBXGroup;
			children = (
				B91BC90510829E31A2952D24 /* MaterialManagerXLSXTests.swift */,
				2D9975929754D1C31D0C4C1E /* ErrorLoggerTests.swift */,
				7C82C61DC5149711E0C326CC /* LocalizationTests.swift */,
				AF1FAF9E201B55B21A60C9CF /* AcoustiScanUITests.swift */,
			);
			name = AcoustiScanAppTests;
			path = AcoustiScanAppTests;
			sourceTree = SOURCE_ROOT;
		};
		B15E928D530FB1EF74C90F52 /* iOS */ = {
			isa = PBXGroup;
			children = (
				C844B7827888F3E31637EECC /* Foundation.framework */,
			);
			name = iOS;
			sourceTree = "<group>";
		};
		FF0000000000000000000001 = {
			isa = PBXGroup;
			children = (
				FF0000000000000000000002 /* AcoustiScanApp */,
				FF0000000000000000000003 /* Products */,
				FF0000000000000000000012 /* Frameworks */,
				4A10AD6A1BF202F00F242042 /* AcoustiScanAppTests */,
			);
			sourceTree = "<group>";
		};
		FF0000000000000000000002 /* AcoustiScanApp */ = {
			isa = PBXGroup;
			children = (
				FF0000000000000000000004 /* App */,
				FF0000000000000000000005 /* Views */,
				FF0000000000000000000011 /* Models */,
				FF0000000000000000000006 /* Resources */,
				DD0000000000000000000002 /* AcoustiScan.entitlements */,
			);
			path = AcoustiScanApp;
			sourceTree = "<group>";
		};
		FF0000000000000000000003 /* Products */ = {
			isa = PBXGroup;
			children = (
				CC0000000000000000000001 /* AcoustiScanApp.app */,
				A6F49369DA611D08BF86A4C6 /* AcoustiScanAppTests.xctest */,
			);
			name = Products;
			sourceTree = "<group>";
		};
		FF0000000000000000000004 /* App */ = {
			isa = PBXGroup;
			children = (
				BB0000000000000000000001 /* AcoustiScanApp.swift */,
				BB0000000000000000000002 /* ContentView.swift */,
			);
			path = App;
			sourceTree = "<group>";
		};
		FF0000000000000000000005 /* Views */ = {
			isa = PBXGroup;
			children = (
				FF0000000000000000000007 /* RT60 */,
				FF0000000000000000000008 /* Scanner */,
				FF0000000000000000000009 /* Export */,
				FF0000000000000000000010 /* Material */,
			);
			path = Views;
			sourceTree = "<group>";
		};
		FF0000000000000000000006 /* Resources */ = {
			isa = PBXGroup;
			children = (
				DD0000000000000000000001 /* Info.plist */,
				MR0000000000000000000015 /* LocalizationKeys.swift */,
				AR0000000000000000000001 /* Assets.xcassets */,
				CF3E0E84C35284144BB3226E /* Localizable.strings */,
			);
			path = Resources;
			sourceTree = "<group>";
		};
		FF0000000000000000000007 /* RT60 */ = {
			isa = PBXGroup;
			children = (
				BB0000000000000000000003 /* RT60View.swift */,
				BB0000000000000000000004 /* RT60ChartView.swift */,
				BB0000000000000000000005 /* RT60ClassificationView.swift */,
				BB0000000000000000000014 /* RT60MeasurementView.swift */,
				E24EF1F80CC20877CD865DA9 /* RT60DINView.swift */,
			);
			path = RT60;
			sourceTree = "<group>";
		};
		FF0000000000000000000008 /* Scanner */ = {
			isa = PBXGroup;
			children = (
				BB0000000000000000000008 /* LiDARScanView.swift */,
				BB0000000000000000000009 /* ARCoordinator.swift */,
				BB0000000000000000000010 /* SurfaceDetection.swift */,
				BB0000000000000000000011 /* RoomDimensionView.swift */,
				BB0000000000000000000012 /* RoomScanView.swift */,
			);
			path = Scanner;
			sourceTree = "<group>";
		};
		FF0000000000000000000009 /* Export */ = {
			isa = PBXGroup;
			children = (
				BB0000000000000000000006 /* ExportView.swift */,
				BB0000000000000000000007 /* ShareSheet.swift */,
			);
			path = Export;
			sourceTree = "<group>";
		};
		FF0000000000000000000010 /* Material */ = {
			isa = PBXGroup;
			children = (
				BB0000000000000000000013 /* MaterialEditorView.swift */,
			);
			path = Material;
			sourceTree = "<group>";
		};
		FF0000000000000000000011 /* Models */ = {
			isa = PBXGroup;
			children = (
				MR0000000000000000000001 /* AbsorptionData.swift */,
				MR0000000000000000000002 /* AcousticMaterial.swift */,
				MR0000000000000000000003 /* AuditTrail.swift */,
				MR0000000000000000000005 /* ErrorLogger.swift */,
				MR0000000000000000000006 /* MaterialManager.swift */,
				MR0000000000000000000012 /* SurfaceStore.swift */,
				MR0000000000000000000013 /* XLSXExporter.swift */,
				MR0000000000000000000014 /* XLSXImporter.swift */,
				E189FB36B03E227642869FB6 /* DINEvaluation.swift */,
			);
			path = Models;
			sourceTree = "<group>";
		};
		FF0000000000000000000012 /* Frameworks */ = {
			isa = PBXGroup;
			children = (
				KR0000000000000000000001 /* ARKit.framework */,
				KR0000000000000000000002 /* RealityKit.framework */,
				KR0000000000000000000003 /* Charts.framework */,
				B15E928D530FB1EF74C90F52 /* iOS */,
			);
			name = Frameworks;
			sourceTree = "<group>";
		};
/* End PBXGroup section */

/* Begin PBXNativeTarget section */
		30202A0D8514D2EF436C8B11 /* AcoustiScanAppTests */ = {
			isa = PBXNativeTarget;
			buildConfigurationList = 38D1254F33697618C574A48A /* Build configuration list for PBXNativeTarget "AcoustiScanAppTests" */;
			buildPhases = (
				0B9BADE34C002DD66F285C59 /* Sources */,
				80A6FD912D3A49C739D33CC9 /* Frameworks */,
				6328F64454858E958D002C75 /* Resources */,
			);
			buildRules = (
			);
			dependencies = (
				FA5EC73870732A119C0296F5 /* PBXTargetDependency */,
			);
			name = AcoustiScanAppTests;
			productName = AcoustiScanAppTests;
			productReference = A6F49369DA611D08BF86A4C6 /* AcoustiScanAppTests.xctest */;
			productType = "com.apple.product-type.bundle.unit-test";
		};
		GG0000000000000000000001 /* AcoustiScanApp */ = {
			isa = PBXNativeTarget;
			buildConfigurationList = GG0000000000000000000002 /* Build configuration list for PBXNativeTarget "AcoustiScanApp" */;
			buildPhases = (
				HH0000000000000000000001 /* Sources */,
				EE0000000000000000000001 /* Frameworks */,
				HH0000000000000000000002 /* Resources */,
			);
			buildRules = (
			);
			dependencies = (
			);
			name = AcoustiScanApp;
			packageProductDependencies = (
				PK0000000000000000000002 /* AcoustiScanConsolidated */,
			);
			productName = AcoustiScanApp;
			productReference = CC0000000000000000000001 /* AcoustiScanApp.app */;
			productType = "com.apple.product-type.application";
		};
/* End PBXNativeTarget section */

/* Begin PBXProject section */
		II0000000000000000000001 /* Project object */ = {
			isa = PBXProject;
			attributes = {
				BuildIndependentTargetsInParallel = 1;
				LastSwiftUpdateCheck = 1500;
				LastUpgradeCheck = 1500;
				TargetAttributes = {
					GG0000000000000000000001 = {
						CreatedOnToolsVersion = 15.0;
					};
				};
			};
			buildConfigurationList = II0000000000000000000002 /* Build configuration list for PBXProject "AcoustiScanApp" */;
			compatibilityVersion = "Xcode 14.0";
			developmentRegion = en;
			hasScannedForEncodings = 0;
			knownRegions = (
				en,
				Base,
				de,
			);
			mainGroup = FF0000000000000000000001;
			packageReferences = (
				PK0000000000000000000001 /* XCLocalSwiftPackageReference "AcoustiScanConsolidated" */,
			);
			productRefGroup = FF0000000000000000000003 /* Products */;
			projectDirPath = "";
			projectRoot = "";
			targets = (
				GG0000000000000000000001 /* AcoustiScanApp */,
				30202A0D8514D2EF436C8B11 /* AcoustiScanAppTests */,
			);
		};
/* End PBXProject section */

/* Begin PBXResourcesBuildPhase section */
		6328F64454858E958D002C75 /* Resources */ = {
			isa = PBXResourcesBuildPhase;
			buildActionMask = 2147483647;
			files = (
			);
			runOnlyForDeploymentPostprocessing = 0;
		};
		HH0000000000000000000002 /* Resources */ = {
			isa = PBXResourcesBuildPhase;
			buildActionMask = 2147483647;
			files = (
				AS0000000000000000000001 /* Assets.xcassets in Resources */,
				2C6E06781844639C104E8907 /* Localizable.strings in Resources */,
			);
			runOnlyForDeploymentPostprocessing = 0;
		};
/* End PBXResourcesBuildPhase section */

/* Begin PBXSourcesBuildPhase section */
		0B9BADE34C002DD66F285C59 /* Sources */ = {
			isa = PBXSourcesBuildPhase;
			buildActionMask = 2147483647;
			files = (
				635F5DA43922D1A59793D4D2 /* MaterialManagerXLSXTests.swift in Sources */,
				C82BEF775D2EA984F1FA66B9 /* ErrorLoggerTests.swift in Sources */,
				D21919BBB536BA04816CA471 /* LocalizationTests.swift in Sources */,
				99141265D7F4E5A63067A5FF /* AcoustiScanUITests.swift in Sources */,
			);
			runOnlyForDeploymentPostprocessing = 0;
		};
		HH0000000000000000000001 /* Sources */ = {
			isa = PBXSourcesBuildPhase;
			buildActionMask = 2147483647;
			files = (
				AA0000000000000000000001 /* AcoustiScanApp.swift in Sources */,
				AA0000000000000000000002 /* ContentView.swift in Sources */,
				AA0000000000000000000003 /* RT60View.swift in Sources */,
				AA0000000000000000000004 /* RT60ChartView.swift in Sources */,
				AA0000000000000000000005 /* RT60ClassificationView.swift in Sources */,
				AA0000000000000000000006 /* ExportView.swift in Sources */,
				AA0000000000000000000007 /* ShareSheet.swift in Sources */,
				AA0000000000000000000008 /* LiDARScanView.swift in Sources */,
				AA0000000000000000000009 /* ARCoordinator.swift in Sources */,
				AA0000000000000000000010 /* SurfaceDetection.swift in Sources */,
				AA0000000000000000000011 /* RoomDimensionView.swift in Sources */,
				AA0000000000000000000012 /* RoomScanView.swift in Sources */,
				AA0000000000000000000013 /* MaterialEditorView.swift in Sources */,
				AA0000000000000000000014 /* RT60MeasurementView.swift in Sources */,
				MM0000000000000000000001 /* AbsorptionData.swift in Sources */,
				MM0000000000000000000002 /* AcousticMaterial.swift in Sources */,
				MM0000000000000000000003 /* AuditTrail.swift in Sources */,
				MM0000000000000000000005 /* ErrorLogger.swift in Sources */,
				MM0000000000000000000006 /* MaterialManager.swift in Sources */,
				MM0000000000000000000012 /* SurfaceStore.swift in Sources */,
				MM0000000000000000000013 /* XLSXExporter.swift in Sources */,
				MM0000000000000000000014 /* XLSXImporter.swift in Sources */,
				MM0000000000000000000015 /* LocalizationKeys.swift in Sources */,
				1D6B87FD3F6CF6BF3C82F0DA /* DINEvaluation.swift in Sources */,
				C5B9B53320E1010BD7ABEF87 /* RT60DINView.swift in Sources */,
			);
			runOnlyForDeploymentPostprocessing = 0;
		};
/* End PBXSourcesBuildPhase section */

/* Begin PBXTargetDependency section */
		FA5EC73870732A119C0296F5 /* PBXTargetDependency */ = {
			isa = PBXTargetDependency;
			name = AcoustiScanApp;
			target = GG0000000000000000000001 /* AcoustiScanApp */;
			targetProxy = 84C54DD307B378063694E417 /* PBXContainerItemProxy */;
		};
/* End PBXTargetDependency section */

/* Begin PBXVariantGroup section */
		CF3E0E84C35284144BB3226E /* Localizable.strings */ = {
			isa = PBXVariantGroup;
			children = (
				70FB041E4788DB4C92281EA2 /* en */,
				B3B7D00AC39B408C352A744E /* de */,
			);
			name = Localizable.strings;
			sourceTree = "<group>";
		};
/* End PBXVariantGroup section */

/* Begin XCBuildConfiguration section */
		9A6B15C02E65C5D029AB65AC /* Debug */ = {
			isa = XCBuildConfiguration;
			buildSettings = {
				BUNDLE_LOADER = "$(TEST_HOST)";
				CLANG_ENABLE_OBJC_WEAK = NO;
				CODE_SIGNING_ALLOWED = NO;
				GENERATE_INFOPLIST_FILE = YES;
				IPHONEOS_DEPLOYMENT_TARGET = 17.0;
				PRODUCT_BUNDLE_IDENTIFIER = com.acoustiscan.app.tests;
				PRODUCT_NAME = "$(TARGET_NAME)";
				SDKROOT = iphoneos;
				SWIFT_EMIT_LOC_STRINGS = NO;
				SWIFT_VERSION = 5.0;
				TARGETED_DEVICE_FAMILY = 2;
				TEST_HOST = "$(BUILT_PRODUCTS_DIR)/AcoustiScanApp.app/AcoustiScanApp";
			};
			name = Debug;
		};
		C001BD8E0CA6FE6E4B3B27C1 /* Release */ = {
			isa = XCBuildConfiguration;
			buildSettings = {
				BUNDLE_LOADER = "$(TEST_HOST)";
				CLANG_ENABLE_OBJC_WEAK = NO;
				CODE_SIGNING_ALLOWED = NO;
				GENERATE_INFOPLIST_FILE = YES;
				IPHONEOS_DEPLOYMENT_TARGET = 17.0;
				PRODUCT_BUNDLE_IDENTIFIER = com.acoustiscan.app.tests;
				PRODUCT_NAME = "$(TARGET_NAME)";
				SDKROOT = iphoneos;
				SWIFT_EMIT_LOC_STRINGS = NO;
				SWIFT_VERSION = 5.0;
				TARGETED_DEVICE_FAMILY = 2;
				TEST_HOST = "$(BUILT_PRODUCTS_DIR)/AcoustiScanApp.app/AcoustiScanApp";
				VALIDATE_PRODUCT = YES;
			};
			name = Release;
		};
		JJ0000000000000000000001 /* Debug */ = {
			isa = XCBuildConfiguration;
			buildSettings = {
				ALWAYS_SEARCH_USER_PATHS = NO;
				ASSETCATALOG_COMPILER_GENERATE_SWIFT_ASSET_SYMBOL_EXTENSIONS = YES;
				CLANG_ANALYZER_NONNULL = YES;
				CLANG_ANALYZER_NUMBER_OBJECT_CONVERSION = YES_AGGRESSIVE;
				CLANG_CXX_LANGUAGE_STANDARD = "gnu++20";
				CLANG_ENABLE_MODULES = YES;
				CLANG_ENABLE_OBJC_ARC = YES;
				CLANG_ENABLE_OBJC_WEAK = YES;
				CLANG_WARN_BLOCK_CAPTURE_AUTORELEASING = YES;
				CLANG_WARN_BOOL_CONVERSION = YES;
				CLANG_WARN_COMMA = YES;
				CLANG_WARN_CONSTANT_CONVERSION = YES;
				CLANG_WARN_DEPRECATED_OBJC_IMPLEMENTATIONS = YES;
				CLANG_WARN_DIRECT_OBJC_ISA_USAGE = YES_ERROR;
				CLANG_WARN_DOCUMENTATION_COMMENTS = YES;
				CLANG_WARN_EMPTY_BODY = YES;
				CLANG_WARN_ENUM_CONVERSION = YES;
				CLANG_WARN_INFINITE_RECURSION = YES;
				CLANG_WARN_INT_CONVERSION = YES;
				CLANG_WARN_NON_LITERAL_NULL_CONVERSION = YES;
				CLANG_WARN_OBJC_IMPLICIT_RETAIN_SELF = YES;
				CLANG_WARN_OBJC_LITERAL_CONVERSION = YES;
				CLANG_WARN_OBJC_ROOT_CLASS = YES_ERROR;
				CLANG_WARN_QUOTED_INCLUDE_IN_FRAMEWORK_HEADER = YES;
				CLANG_WARN_RANGE_LOOP_ANALYSIS = YES;
				CLANG_WARN_STRICT_PROTOTYPES = YES;
				CLANG_WARN_SUSPICIOUS_MOVE = YES;
				CLANG_WARN_UNGUARDED_AVAILABILITY = YES_AGGRESSIVE;
				CLANG_WARN_UNREACHABLE_CODE = YES;
				CLANG_WARN__DUPLICATE_METHOD_MATCH = YES;
				COPY_PHASE_STRIP = NO;
				DEBUG_INFORMATION_FORMAT = dwarf;
				ENABLE_STRICT_OBJC_MSGSEND = YES;
				ENABLE_TESTABILITY = YES;
				ENABLE_USER_SCRIPT_SANDBOXING = YES;
				GCC_C_LANGUAGE_STANDARD = gnu17;
				GCC_DYNAMIC_NO_PIC = NO;
				GCC_NO_COMMON_BLOCKS = YES;
				GCC_OPTIMIZATION_LEVEL = 0;
				GCC_PREPROCESSOR_DEFINITIONS = (
					"DEBUG=1",
					"$(inherited)",
				);
				GCC_WARN_64_TO_32_BIT_CONVERSION = YES;
				GCC_WARN_ABOUT_RETURN_TYPE = YES_ERROR;
				GCC_WARN_UNDECLARED_SELECTOR = YES;
				GCC_WARN_UNINITIALIZED_AUTOS = YES_AGGRESSIVE;
				GCC_WARN_UNUSED_FUNCTION = YES;
				GCC_WARN_UNUSED_VARIABLE = YES;
				IPHONEOS_DEPLOYMENT_TARGET = 17.0;
				LOCALIZATION_PREFERS_STRING_CATALOGS = YES;
				MTL_ENABLE_DEBUG_INFO = INCLUDE_SOURCE;
				MTL_FAST_MATH = YES;
				ONLY_ACTIVE_ARCH = YES;
				SDKROOT = iphoneos;
				SWIFT_ACTIVE_COMPILATION_CONDITIONS = "DEBUG $(inherited)";
				SWIFT_OPTIMIZATION_LEVEL = "-Onone";
			};
			name = Debug;
		};
		JJ0000000000000000000002 /* Release */ = {
			isa = XCBuildConfiguration;
			buildSettings = {
				ALWAYS_SEARCH_USER_PATHS = NO;
				ASSETCATALOG_COMPILER_GENERATE_SWIFT_ASSET_SYMBOL_EXTENSIONS = YES;
				CLANG_ANALYZER_NONNULL = YES;
				CLANG_ANALYZER_NUMBER_OBJECT_CONVERSION = YES_AGGRESSIVE;
				CLANG_CXX_LANGUAGE_STANDARD = "gnu++20";
				CLANG_ENABLE_MODULES = YES;
				CLANG_ENABLE_OBJC_ARC = YES;
				CLANG_ENABLE_OBJC_WEAK = YES;
				CLANG_WARN_BLOCK_CAPTURE_AUTORELEASING = YES;
				CLANG_WARN_BOOL_CONVERSION = YES;
				CLANG_WARN_COMMA = YES;
				CLANG_WARN_CONSTANT_CONVERSION = YES;
				CLANG_WARN_DEPRECATED_OBJC_IMPLEMENTATIONS = YES;
				CLANG_WARN_DIRECT_OBJC_ISA_USAGE = YES_ERROR;
				CLANG_WARN_DOCUMENTATION_COMMENTS = YES;
				CLANG_WARN_EMPTY_BODY = YES;
				CLANG_WARN_ENUM_CONVERSION = YES;
				CLANG_WARN_INFINITE_RECURSION = YES;
				CLANG_WARN_INT_CONVERSION = YES;
				CLANG_WARN_NON_LITERAL_NULL_CONVERSION = YES;
				CLANG_WARN_OBJC_IMPLICIT_RETAIN_SELF = YES;
				CLANG_WARN_OBJC_LITERAL_CONVERSION = YES;
				CLANG_WARN_OBJC_ROOT_CLASS = YES_ERROR;
				CLANG_WARN_QUOTED_INCLUDE_IN_FRAMEWORK_HEADER = YES;
				CLANG_WARN_RANGE_LOOP_ANALYSIS = YES;
				CLANG_WARN_STRICT_PROTOTYPES = YES;
				CLANG_WARN_SUSPICIOUS_MOVE = YES;
				CLANG_WARN_UNGUARDED_AVAILABILITY = YES_AGGRESSIVE;
				CLANG_WARN_UNREACHABLE_CODE = YES;
				CLANG_WARN__DUPLICATE_METHOD_MATCH = YES;
				COPY_PHASE_STRIP = NO;
				DEBUG_INFORMATION_FORMAT = "dwarf-with-dsym";
				ENABLE_NS_ASSERTIONS = NO;
				ENABLE_STRICT_OBJC_MSGSEND = YES;
				ENABLE_USER_SCRIPT_SANDBOXING = YES;
				GCC_C_LANGUAGE_STANDARD = gnu17;
				GCC_NO_COMMON_BLOCKS = YES;
				GCC_WARN_64_TO_32_BIT_CONVERSION = YES;
				GCC_WARN_ABOUT_RETURN_TYPE = YES_ERROR;
				GCC_WARN_UNDECLARED_SELECTOR = YES;
				GCC_WARN_UNINITIALIZED_AUTOS = YES_AGGRESSIVE;
				GCC_WARN_UNUSED_FUNCTION = YES;
				GCC_WARN_UNUSED_VARIABLE = YES;
				IPHONEOS_DEPLOYMENT_TARGET = 17.0;
				LOCALIZATION_PREFERS_STRING_CATALOGS = YES;
				MTL_ENABLE_DEBUG_INFO = NO;
				MTL_FAST_MATH = YES;
				SDKROOT = iphoneos;
				SWIFT_COMPILATION_MODE = wholemodule;
				VALIDATE_PRODUCT = YES;
			};
			name = Release;
		};
		JJ0000000000000000000003 /* Debug */ = {
			isa = XCBuildConfiguration;
			buildSettings = {
				ASSETCATALOG_COMPILER_APPICON_NAME = AppIcon;
				ASSETCATALOG_COMPILER_GLOBAL_ACCENT_COLOR_NAME = AccentColor;
				CODE_SIGN_ENTITLEMENTS = AcoustiScanApp/AcoustiScan.entitlements;
				CODE_SIGN_STYLE = Automatic;
				CURRENT_PROJECT_VERSION = 1;
				DEVELOPMENT_TEAM = "";
				GENERATE_INFOPLIST_FILE = NO;
				INFOPLIST_FILE = "AcoustiScanApp/Resources/Info-Debug.plist";
				INFOPLIST_KEY_UIApplicationSupportsIndirectInputEvents = YES;
				INFOPLIST_KEY_UILaunchScreen_Generation = YES;
				INFOPLIST_KEY_UISupportedInterfaceOrientations_iPad = "UIInterfaceOrientationPortrait UIInterfaceOrientationPortraitUpsideDown UIInterfaceOrientationLandscapeLeft UIInterfaceOrientationLandscapeRight";
				IPHONEOS_DEPLOYMENT_TARGET = 17.0;
				LD_RUNPATH_SEARCH_PATHS = (
					"$(inherited)",
					"@executable_path/Frameworks",
				);
				MARKETING_VERSION = 1.0;
				PRODUCT_BUNDLE_IDENTIFIER = com.acoustiscan.app;
				PRODUCT_NAME = "$(TARGET_NAME)";
				SUPPORTED_PLATFORMS = "iphoneos iphonesimulator";
				SUPPORTS_MACCATALYST = NO;
				SUPPORTS_MAC_DESIGNED_FOR_IPHONE_IPAD = NO;
				SWIFT_EMIT_LOC_STRINGS = YES;
				SWIFT_VERSION = 5.0;
				TARGETED_DEVICE_FAMILY = 2;
			};
			name = Debug;
		};
		JJ0000000000000000000004 /* Release */ = {
			isa = XCBuildConfiguration;
			buildSettings = {
				ASSETCATALOG_COMPILER_APPICON_NAME = AppIcon;
				ASSETCATALOG_COMPILER_GLOBAL_ACCENT_COLOR_NAME = AccentColor;
				CODE_SIGN_ENTITLEMENTS = AcoustiScanApp/AcoustiScan.entitlements;
				CODE_SIGN_STYLE = Automatic;
				CURRENT_PROJECT_VERSION = 1;
				DEVELOPMENT_TEAM = "";
				GENERATE_INFOPLIST_FILE = NO;
				INFOPLIST_FILE = AcoustiScanApp/Resources/Info.plist;
				INFOPLIST_KEY_UIApplicationSupportsIndirectInputEvents = YES;
				INFOPLIST_KEY_UILaunchScreen_Generation = YES;
				INFOPLIST_KEY_UISupportedInterfaceOrientations_iPad = "UIInterfaceOrientationPortrait UIInterfaceOrientationPortraitUpsideDown UIInterfaceOrientationLandscapeLeft UIInterfaceOrientationLandscapeRight";
				IPHONEOS_DEPLOYMENT_TARGET = 17.0;
				LD_RUNPATH_SEARCH_PATHS = (
					"$(inherited)",
					"@executable_path/Frameworks",
				);
				MARKETING_VERSION = 1.0;
				PRODUCT_BUNDLE_IDENTIFIER = com.acoustiscan.app;
				PRODUCT_NAME = "$(TARGET_NAME)";
				SUPPORTED_PLATFORMS = "iphoneos iphonesimulator";
				SUPPORTS_MACCATALYST = NO;
				SUPPORTS_MAC_DESIGNED_FOR_IPHONE_IPAD = NO;
				SWIFT_EMIT_LOC_STRINGS = YES;
				SWIFT_VERSION = 5.0;
				TARGETED_DEVICE_FAMILY = 2;
			};
			name = Release;
		};
/* End XCBuildConfiguration section */

/* Begin XCConfigurationList section */
		38D1254F33697618C574A48A /* Build configuration list for PBXNativeTarget "AcoustiScanAppTests" */ = {
			isa = XCConfigurationList;
			buildConfigurations = (
				C001BD8E0CA6FE6E4B3B27C1 /* Release */,
				9A6B15C02E65C5D029AB65AC /* Debug */,
			);
			defaultConfigurationIsVisible = 0;
			defaultConfigurationName = Release;
		};
		GG0000000000000000000002 /* Build configuration list for PBXNativeTarget "AcoustiScanApp" */ = {
			isa = XCConfigurationList;
			buildConfigurations = (
				JJ0000000000000000000003 /* Debug */,
				JJ0000000000000000000004 /* Release */,
			);
			defaultConfigurationIsVisible = 0;
			defaultConfigurationName = Release;
		};
		II0000000000000000000002 /* Build configuration list for PBXProject "AcoustiScanApp" */ = {
			isa = XCConfigurationList;
			buildConfigurations = (
				JJ0000000000000000000001 /* Debug */,
				JJ0000000000000000000002 /* Release */,
			);
			defaultConfigurationIsVisible = 0;
			defaultConfigurationName = Release;
		};
/* End XCConfigurationList section */

/* Begin XCLocalSwiftPackageReference section */
		PK0000000000000000000001 /* XCLocalSwiftPackageReference "AcoustiScanConsolidated" */ = {
			isa = XCLocalSwiftPackageReference;
			relativePath = ../AcoustiScanConsolidated;
		};
/* End XCLocalSwiftPackageReference section */

/* Begin XCSwiftPackageProductDependency section */
		PK0000000000000000000002 /* AcoustiScanConsolidated */ = {
			isa = XCSwiftPackageProductDependency;
			productName = AcoustiScanConsolidated;
		};
/* End XCSwiftPackageProductDependency section */
	};
	rootObject = II0000000000000000000001 /* Project object */;
}
